
Microsoft Visual Studio Solution File, Format Version 12.00
# Visual Studio Version 16
VisualStudioVersion = 16.0.30611.23
MinimumVisualStudioVersion = 10.0.40219.1
Project("{FAE04EC0-301F-11D3-BF4B-00C04F79EFBC}") = "Manejo de usuarios", "Manejo de usuarios\Manejo de usuarios.csproj", "{3BF6ACF3-773C-477F-98D4-7B7238A1822A}"
EndProject
Global
	GlobalSection(SolutionConfigurationPlatforms) = preSolution
		Debug|Any CPU = Debug|Any CPU
		Release|Any CPU = Release|Any CPU
	EndGlobalSection
	GlobalSection(ProjectConfigurationPlatforms) = postSolution
		{3BF6ACF3-773C-477F-98D4-7B7238A1822A}.Debug|Any CPU.ActiveCfg = Debug|Any CPU
		{3BF6ACF3-773C-477F-98D4-7B7238A1822A}.Debug|Any CPU.Build.0 = Debug|Any CPU
		{3BF6ACF3-773C-477F-98D4-7B7238A1822A}.Release|Any CPU.ActiveCfg = Release|Any CPU
		{3BF6ACF3-773C-477F-98D4-7B7238A1822A}.Release|Any CPU.Build.0 = Release|Any CPU
	EndGlobalSection
	GlobalSection(SolutionProperties) = preSolution
		HideSolutionNode = FALSE
	EndGlobalSection
	GlobalSection(ExtensibilityGlobals) = postSolution
		SolutionGuid = {D5D0C0C0-522B-4630-B65B-085FFA0AAC7A}
	EndGlobalSection
EndGlobal
